{
  "name": "blocknotify.net",
  "lockfileVersion": 2,
  "requires": true,
  "packages": {
    "": {
      "dependencies": {
        "@web3auth/core": "^4.6.0"
      }
    },
    "node_modules/@babel/runtime": {
      "version": "7.21.0",
      "resolved": "https://registry.npmjs.org/@babel/runtime/-/runtime-7.21.0.tgz",
      "integrity": "sha512-xwII0//EObnq89Ji5AKYQaRYiW/nZ3llSv29d49IuxPhKbtJoLP+9QUUZ4nVragQVtaVGeZrpB+ZtG/Pdy/POw==",
      "peer": true,
      "dependencies": {
        "regenerator-runtime": "^0.13.11"
      },
      "engines": {
        "node": ">=6.9.0"
      }
    },
    "node_modules/@toruslabs/eccrypto": {
      "version": "1.1.8",
      "resolved": "https://registry.npmjs.org/@toruslabs/eccrypto/-/eccrypto-1.1.8.tgz",
      "integrity": "sha512-5dIrO2KVqvnAPOPfJ2m6bnjp9vav9GIcCZXiXRW/bJuIDRLVxJhVvRlleF4oaEZPq5yX5piHq5jVHagNNS0jOQ==",
      "hasInstallScript": true,
      "dependencies": {
        "acorn": "^8.4.1",
        "elliptic": "^6.5.4",
        "es6-promise": "^4.2.8",
        "nan": "^2.14.2"
      },
      "optionalDependencies": {
        "secp256k1": "^3.8.0"
      }
    },
    "node_modules/@toruslabs/http-helpers": {
      "version": "3.2.0",
      "resolved": "https://registry.npmjs.org/@toruslabs/http-helpers/-/http-helpers-3.2.0.tgz",
      "integrity": "sha512-fCfvBHfYzd7AyOYlBo7wihh5nj6+4Ik6V5+nI7H63oiKICjMlByTXSauTUa/qm2mjZJn/OmVYeV5guPIgxoW1w==",
      "dependencies": {
        "lodash.merge": "^4.6.2",
        "loglevel": "^1.8.0"
      },
      "engines": {
        "node": ">=14.17.0",
        "npm": ">=6.x"
      },
      "peerDependencies": {
        "@babel/runtime": "^7.x",
        "@sentry/types": "^7.x"
      },
      "peerDependenciesMeta": {
        "@sentry/types": {
          "optional": true
        }
      }
    },
    "node_modules/@toruslabs/openlogin": {
      "version": "3.1.0",
      "resolved": "https://registry.npmjs.org/@toruslabs/openlogin/-/openlogin-3.1.0.tgz",
      "integrity": "sha512-9IQRxiITd07I5P7mU23qSTD4C5mQUtE+hjkh2Piku8Y+2PnvIXCSWOaRkEwxEHoBs6i27t6v2qix+v8NYS2mlA==",
      "dependencies": {
        "@toruslabs/eccrypto": "^1.1.8",
        "@toruslabs/http-helpers": "^3.2.0",
        "@toruslabs/openlogin-jrpc": "^3.0.0",
        "@toruslabs/openlogin-utils": "^3.0.0",
        "loglevel": "^1.8.1",
        "pump": "^3.0.0"
      },
      "peerDependencies": {
        "@babel/runtime": "7.x"
      }
    },
    "node_modules/@toruslabs/openlogin-jrpc": {
      "version": "3.0.0",
      "resolved": "https://registry.npmjs.org/@toruslabs/openlogin-jrpc/-/openlogin-jrpc-3.0.0.tgz",
      "integrity": "sha512-EbrPxx9JJDzTGPRGhpnoqngrwVRgNxwY86f6Vp4hCJnZNn/IgNz39KGROEi8SDNWADYuT29d8gyZ5Y0o79TOMA==",
      "dependencies": {
        "@toruslabs/openlogin-utils": "^3.0.0",
        "end-of-stream": "^1.4.4",
        "eth-rpc-errors": "^4.0.3",
        "events": "^3.3.0",
        "fast-safe-stringify": "^2.1.1",
        "once": "^1.4.0",
        "pump": "^3.0.0",
        "readable-stream": "^3.6.0"
      },
      "peerDependencies": {
        "@babel/runtime": "7.x"
      }
    },
    "node_modules/@toruslabs/openlogin-utils": {
      "version": "3.0.0",
      "resolved": "https://registry.npmjs.org/@toruslabs/openlogin-utils/-/openlogin-utils-3.0.0.tgz",
      "integrity": "sha512-T5t29/AIFqXc84x4OoAkZWjd0uoP2Lk6iaFndnIIMzCPu+BwwV0spX/jd/3YYNjZ8Po8D+faEnwAhiqemYeK2w==",
      "dependencies": {
        "base64url": "^3.0.1",
        "keccak": "^3.0.3",
        "randombytes": "^2.1.0"
      },
      "peerDependencies": {
        "@babel/runtime": "7.x"
      }
    },
    "node_modules/@web3auth/base": {
      "version": "4.6.0",
      "resolved": "https://registry.npmjs.org/@web3auth/base/-/base-4.6.0.tgz",
      "integrity": "sha512-jy/9iLpK5DS9b49VISAQLD6iRj5FFj957UVjbn0SR41DOQ8Jw1hJgS/l3Y8BVEw8mIErT71ux3J7JRu5VsK5vg==",
      "dependencies": {
        "@toruslabs/http-helpers": "^3.2.0",
        "@toruslabs/openlogin": "^3.1.0",
        "@toruslabs/openlogin-jrpc": "^3.0.0",
        "jwt-decode": "^3.1.2",
        "loglevel": "^1.8.1",
        "ts-custom-error": "^3.3.1"
      },
      "peerDependencies": {
        "@babel/runtime": "^7.x"
      }
    },
    "node_modules/@web3auth/base-plugin": {
      "version": "4.6.0",
      "resolved": "https://registry.npmjs.org/@web3auth/base-plugin/-/base-plugin-4.6.0.tgz",
      "integrity": "sha512-L0APrd8T1TTPXLEylnFfOnPWOIHcs7rcmo8ZjjhfIFC/Dms4GYoPaOfmfsvG52juxHsHODFbBld7eJPhIuOfAA==",
      "dependencies": {
        "@web3auth/base": "^4.6.0"
      }
    },
    "node_modules/@web3auth/core": {
      "version": "4.6.0",
      "resolved": "https://registry.npmjs.org/@web3auth/core/-/core-4.6.0.tgz",
      "integrity": "sha512-RkPcG6OyrVnRp2fzIjF6pqMxfVW7f7ZR7bpw6jJsM2i4zq6Pze2Gf3d3R9OreWQGrdJbx4ODbOHGczre/4L5iQ==",
      "dependencies": {
        "@toruslabs/openlogin": "^3.1.0",
        "@toruslabs/openlogin-jrpc": "^3.0.0",
        "@web3auth/base": "^4.6.0",
        "@web3auth/base-plugin": "^4.6.0"
      },
      "peerDependencies": {
        "@babel/runtime": "^7.x"
      }
    },
    "node_modules/acorn": {
      "version": "8.8.2",
      "resolved": "https://registry.npmjs.org/acorn/-/acorn-8.8.2.tgz",
      "integrity": "sha512-xjIYgE8HBrkpd/sJqOGNspf8uHG+NOHGOw6a/Urj8taM2EXfdNAH2oFcPeIFfsv3+kz/mJrS5VuMqbNLjCa2vw==",
      "bin": {
        "acorn": "bin/acorn"
      },
      "engines": {
        "node": ">=0.4.0"
      }
    },
    "node_modules/base64url": {
      "version": "3.0.1",
      "resolved": "https://registry.npmjs.org/base64url/-/base64url-3.0.1.tgz",
      "integrity": "sha512-ir1UPr3dkwexU7FdV8qBBbNDRUhMmIekYMFZfi+C/sLNnRESKPl23nB9b2pltqfOQNnGzsDdId90AEtG5tCx4A==",
      "engines": {
        "node": ">=6.0.0"
      }
    },
    "node_modules/bindings": {
      "version": "1.5.0",
      "resolved": "https://registry.npmjs.org/bindings/-/bindings-1.5.0.tgz",
      "integrity": "sha512-p2q/t/mhvuOj/UeLlV6566GD/guowlr0hHxClI0W9m7MWYkL1F0hLo+0Aexs9HSPCtR1SXQ0TD3MMKrXZajbiQ==",
      "optional": true,
      "dependencies": {
        "file-uri-to-path": "1.0.0"
      }
    },
    "node_modules/bip66": {
      "version": "1.1.5",
      "resolved": "https://registry.npmjs.org/bip66/-/bip66-1.1.5.tgz",
      "integrity": "sha512-nemMHz95EmS38a26XbbdxIYj5csHd3RMP3H5bwQknX0WYHF01qhpufP42mLOwVICuH2JmhIhXiWs89MfUGL7Xw==",
      "optional": true,
      "dependencies": {
        "safe-buffer": "^5.0.1"
      }
    },
    "node_modules/bn.js": {
      "version": "4.12.0",
      "resolved": "https://registry.npmjs.org/bn.js/-/bn.js-4.12.0.tgz",
      "integrity": "sha512-c98Bf3tPniI+scsdk237ku1Dc3ujXQTSgyiPUDEOe7tRkhrqridvh8klBv0HCEso1OLOYcHuCv/cS6DNxKH+ZA=="
    },
    "node_modules/brorand": {
      "version": "1.1.0",
      "resolved": "https://registry.npmjs.org/brorand/-/brorand-1.1.0.tgz",
      "integrity": "sha512-cKV8tMCEpQs4hK/ik71d6LrPOnpkpGBR0wzxqr68g2m/LB2GxVYQroAjMJZRVM1Y4BCjCKc3vAamxSzOY2RP+w=="
    },
    "node_modules/browserify-aes": {
      "version": "1.2.0",
      "resolved": "https://registry.npmjs.org/browserify-aes/-/browserify-aes-1.2.0.tgz",
      "integrity": "sha512-+7CHXqGuspUn/Sl5aO7Ea0xWGAtETPXNSAjHo48JfLdPWcMng33Xe4znFvQweqc/uzk5zSOI3H52CYnjCfb5hA==",
      "optional": true,
      "dependencies": {
        "buffer-xor": "^1.0.3",
        "cipher-base": "^1.0.0",
        "create-hash": "^1.1.0",
        "evp_bytestokey": "^1.0.3",
        "inherits": "^2.0.1",
        "safe-buffer": "^5.0.1"
      }
    },
    "node_modules/buffer-xor": {
      "version": "1.0.3",
      "resolved": "https://registry.npmjs.org/buffer-xor/-/buffer-xor-1.0.3.tgz",
      "integrity": "sha512-571s0T7nZWK6vB67HI5dyUF7wXiNcfaPPPTl6zYCNApANjIvYJTg7hlud/+cJpdAhS7dVzqMLmfhfHR3rAcOjQ==",
      "optional": true
    },
    "node_modules/cipher-base": {
      "version": "1.0.4",
      "resolved": "https://registry.npmjs.org/cipher-base/-/cipher-base-1.0.4.tgz",
      "integrity": "sha512-Kkht5ye6ZGmwv40uUDZztayT2ThLQGfnj/T71N/XzeZeo3nf8foyW7zGTsPYkEya3m5f3cAypH+qe7YOrM1U2Q==",
      "optional": true,
      "dependencies": {
        "inherits": "^2.0.1",
        "safe-buffer": "^5.0.1"
      }
    },
    "node_modules/create-hash": {
      "version": "1.2.0",
      "resolved": "https://registry.npmjs.org/create-hash/-/create-hash-1.2.0.tgz",
      "integrity": "sha512-z00bCGNHDG8mHAkP7CtT1qVu+bFQUPjYq/4Iv3C3kWjTFV10zIjfSoeqXo9Asws8gwSHDGj/hl2u4OGIjapeCg==",
      "optional": true,
      "dependencies": {
        "cipher-base": "^1.0.1",
        "inherits": "^2.0.1",
        "md5.js": "^1.3.4",
        "ripemd160": "^2.0.1",
        "sha.js": "^2.4.0"
      }
    },
    "node_modules/create-hmac": {
      "version": "1.1.7",
      "resolved": "https://registry.npmjs.org/create-hmac/-/create-hmac-1.1.7.tgz",
      "integrity": "sha512-MJG9liiZ+ogc4TzUwuvbER1JRdgvUFSB5+VR/g5h82fGaIRWMWddtKBHi7/sVhfjQZ6SehlyhvQYrcYkaUIpLg==",
      "optional": true,
      "dependencies": {
        "cipher-base": "^1.0.3",
        "create-hash": "^1.1.0",
        "inherits": "^2.0.1",
        "ripemd160": "^2.0.0",
        "safe-buffer": "^5.0.1",
        "sha.js": "^2.4.8"
      }
    },
    "node_modules/drbg.js": {
      "version": "1.0.1",
      "resolved": "https://registry.npmjs.org/drbg.js/-/drbg.js-1.0.1.tgz",
      "integrity": "sha512-F4wZ06PvqxYLFEZKkFxTDcns9oFNk34hvmJSEwdzsxVQ8YI5YaxtACgQatkYgv2VI2CFkUd2Y+xosPQnHv809g==",
      "optional": true,
      "dependencies": {
        "browserify-aes": "^1.0.6",
        "create-hash": "^1.1.2",
        "create-hmac": "^1.1.4"
      },
      "engines": {
        "node": ">=0.10"
      }
    },
    "node_modules/elliptic": {
      "version": "6.5.4",
      "resolved": "https://registry.npmjs.org/elliptic/-/elliptic-6.5.4.tgz",
      "integrity": "sha512-iLhC6ULemrljPZb+QutR5TQGB+pdW6KGD5RSegS+8sorOZT+rdQFbsQFJgvN3eRqNALqJer4oQ16YvJHlU8hzQ==",
      "dependencies": {
        "bn.js": "^4.11.9",
        "brorand": "^1.1.0",
        "hash.js": "^1.0.0",
        "hmac-drbg": "^1.0.1",
        "inherits": "^2.0.4",
        "minimalistic-assert": "^1.0.1",
        "minimalistic-crypto-utils": "^1.0.1"
      }
    },
    "node_modules/end-of-stream": {
      "version": "1.4.4",
      "resolved": "https://registry.npmjs.org/end-of-stream/-/end-of-stream-1.4.4.tgz",
      "integrity": "sha512-+uw1inIHVPQoaVuHzRyXd21icM+cnt4CzD5rW+NC1wjOUSTOs+Te7FOv7AhN7vS9x/oIyhLP5PR1H+phQAHu5Q==",
      "dependencies": {
        "once": "^1.4.0"
      }
    },
    "node_modules/es6-promise": {
      "version": "4.2.8",
      "resolved": "https://registry.npmjs.org/es6-promise/-/es6-promise-4.2.8.tgz",
      "integrity": "sha512-HJDGx5daxeIvxdBxvG2cb9g4tEvwIk3i8+nhX0yGrYmZUzbkdg8QbDevheDB8gd0//uPj4c1EQua8Q+MViT0/w=="
    },
    "node_modules/eth-rpc-errors": {
      "version": "4.0.3",
      "resolved": "https://registry.npmjs.org/eth-rpc-errors/-/eth-rpc-errors-4.0.3.tgz",
      "integrity": "sha512-Z3ymjopaoft7JDoxZcEb3pwdGh7yiYMhOwm2doUt6ASXlMavpNlK6Cre0+IMl2VSGyEU9rkiperQhp5iRxn5Pg==",
      "dependencies": {
        "fast-safe-stringify": "^2.0.6"
      }
    },
    "node_modules/events": {
      "version": "3.3.0",
      "resolved": "https://registry.npmjs.org/events/-/events-3.3.0.tgz",
      "integrity": "sha512-mQw+2fkQbALzQ7V0MY0IqdnXNOeTtP4r0lN9z7AAawCXgqea7bDii20AYrIBrFd/Hx0M2Ocz6S111CaFkUcb0Q==",
      "engines": {
        "node": ">=0.8.x"
      }
    },
    "node_modules/evp_bytestokey": {
      "version": "1.0.3",
      "resolved": "https://registry.npmjs.org/evp_bytestokey/-/evp_bytestokey-1.0.3.tgz",
      "integrity": "sha512-/f2Go4TognH/KvCISP7OUsHn85hT9nUkxxA9BEWxFn+Oj9o8ZNLm/40hdlgSLyuOimsrTKLUMEorQexp/aPQeA==",
      "optional": true,
      "dependencies": {
        "md5.js": "^1.3.4",
        "safe-buffer": "^5.1.1"
      }
    },
    "node_modules/fast-safe-stringify": {
      "version": "2.1.1",
      "resolved": "https://registry.npmjs.org/fast-safe-stringify/-/fast-safe-stringify-2.1.1.tgz",
      "integrity": "sha512-W+KJc2dmILlPplD/H4K9l9LcAHAfPtP6BY84uVLXQ6Evcz9Lcg33Y2z1IVblT6xdY54PXYVHEv+0Wpq8Io6zkA=="
    },
    "node_modules/file-uri-to-path": {
      "version": "1.0.0",
      "resolved": "https://registry.npmjs.org/file-uri-to-path/-/file-uri-to-path-1.0.0.tgz",
      "integrity": "sha512-0Zt+s3L7Vf1biwWZ29aARiVYLx7iMGnEUl9x33fbB/j3jR81u/O2LbqK+Bm1CDSNDKVtJ/YjwY7TUd5SkeLQLw==",
      "optional": true
    },
    "node_modules/hash-base": {
      "version": "3.1.0",
      "resolved": "https://registry.npmjs.org/hash-base/-/hash-base-3.1.0.tgz",
      "integrity": "sha512-1nmYp/rhMDiE7AYkDw+lLwlAzz0AntGIe51F3RfFfEqyQ3feY2eI/NcwC6umIQVOASPMsWJLJScWKSSvzL9IVA==",
      "optional": true,
      "dependencies": {
        "inherits": "^2.0.4",
        "readable-stream": "^3.6.0",
        "safe-buffer": "^5.2.0"
      },
      "engines": {
        "node": ">=4"
      }
    },
    "node_modules/hash.js": {
      "version": "1.1.7",
      "resolved": "https://registry.npmjs.org/hash.js/-/hash.js-1.1.7.tgz",
      "integrity": "sha512-taOaskGt4z4SOANNseOviYDvjEJinIkRgmp7LbKP2YTTmVxWBl87s/uzK9r+44BclBSp2X7K1hqeNfz9JbBeXA==",
      "dependencies": {
        "inherits": "^2.0.3",
        "minimalistic-assert": "^1.0.1"
      }
    },
    "node_modules/hmac-drbg": {
      "version": "1.0.1",
      "resolved": "https://registry.npmjs.org/hmac-drbg/-/hmac-drbg-1.0.1.tgz",
      "integrity": "sha512-Tti3gMqLdZfhOQY1Mzf/AanLiqh1WTiJgEj26ZuYQ9fbkLomzGchCws4FyrSd4VkpBfiNhaE1On+lOz894jvXg==",
      "dependencies": {
        "hash.js": "^1.0.3",
        "minimalistic-assert": "^1.0.0",
        "minimalistic-crypto-utils": "^1.0.1"
      }
    },
    "node_modules/inherits": {
      "version": "2.0.4",
      "resolved": "https://registry.npmjs.org/inherits/-/inherits-2.0.4.tgz",
      "integrity": "sha512-k/vGaX4/Yla3WzyMCvTQOXYeIHvqOKtnqBduzTHpzpQZzAskKMhZ2K+EnBiSM9zGSoIFeMpXKxa4dYeZIQqewQ=="
    },
    "node_modules/jwt-decode": {
      "version": "3.1.2",
      "resolved": "https://registry.npmjs.org/jwt-decode/-/jwt-decode-3.1.2.tgz",
      "integrity": "sha512-UfpWE/VZn0iP50d8cz9NrZLM9lSWhcJ+0Gt/nm4by88UL+J1SiKN8/5dkjMmbEzwL2CAe+67GsegCbIKtbp75A=="
    },
    "node_modules/keccak": {
      "version": "3.0.3",
      "resolved": "https://registry.npmjs.org/keccak/-/keccak-3.0.3.tgz",
      "integrity": "sha512-JZrLIAJWuZxKbCilMpNz5Vj7Vtb4scDG3dMXLOsbzBmQGyjwE61BbW7bJkfKKCShXiQZt3T6sBgALRtmd+nZaQ==",
      "hasInstallScript": true,
      "dependencies": {
        "node-addon-api": "^2.0.0",
        "node-gyp-build": "^4.2.0",
        "readable-stream": "^3.6.0"
      },
      "engines": {
        "node": ">=10.0.0"
      }
    },
    "node_modules/lodash.merge": {
      "version": "4.6.2",
      "resolved": "https://registry.npmjs.org/lodash.merge/-/lodash.merge-4.6.2.tgz",
      "integrity": "sha512-0KpjqXRVvrYyCsX1swR/XTK0va6VQkQM6MNo7PqW77ByjAhoARA8EfrP1N4+KlKj8YS0ZUCtRT/YUuhyYDujIQ=="
    },
    "node_modules/loglevel": {
      "version": "1.8.1",
      "resolved": "https://registry.npmjs.org/loglevel/-/loglevel-1.8.1.tgz",
      "integrity": "sha512-tCRIJM51SHjAayKwC+QAg8hT8vg6z7GSgLJKGvzuPb1Wc+hLzqtuVLxp6/HzSPOozuK+8ErAhy7U/sVzw8Dgfg==",
      "engines": {
        "node": ">= 0.6.0"
      },
      "funding": {
        "type": "tidelift",
        "url": "https://tidelift.com/funding/github/npm/loglevel"
      }
    },
    "node_modules/md5.js": {
      "version": "1.3.5",
      "resolved": "https://registry.npmjs.org/md5.js/-/md5.js-1.3.5.tgz",
      "integrity": "sha512-xitP+WxNPcTTOgnTJcrhM0xvdPepipPSf3I8EIpGKeFLjt3PlJLIDG3u8EX53ZIubkb+5U2+3rELYpEhHhzdkg==",
      "optional": true,
      "dependencies": {
        "hash-base": "^3.0.0",
        "inherits": "^2.0.1",
        "safe-buffer": "^5.1.2"
      }
    },
    "node_modules/minimalistic-assert": {
      "version": "1.0.1",
      "resolved": "https://registry.npmjs.org/minimalistic-assert/-/minimalistic-assert-1.0.1.tgz",
      "integrity": "sha512-UtJcAD4yEaGtjPezWuO9wC4nwUnVH/8/Im3yEHQP4b67cXlD/Qr9hdITCU1xDbSEXg2XKNaP8jsReV7vQd00/A=="
    },
    "node_modules/minimalistic-crypto-utils": {
      "version": "1.0.1",
      "resolved": "https://registry.npmjs.org/minimalistic-crypto-utils/-/minimalistic-crypto-utils-1.0.1.tgz",
      "integrity": "sha512-JIYlbt6g8i5jKfJ3xz7rF0LXmv2TkDxBLUkiBeZ7bAx4GnnNMr8xFpGnOxn6GhTEHx3SjRrZEoU+j04prX1ktg=="
    },
    "node_modules/nan": {
      "version": "2.17.0",
      "resolved": "https://registry.npmjs.org/nan/-/nan-2.17.0.tgz",
      "integrity": "sha512-2ZTgtl0nJsO0KQCjEpxcIr5D+Yv90plTitZt9JBfQvVJDS5seMl3FOvsh3+9CoYWXf/1l5OaZzzF6nDm4cagaQ=="
    },
    "node_modules/node-addon-api": {
      "version": "2.0.2",
      "resolved": "https://registry.npmjs.org/node-addon-api/-/node-addon-api-2.0.2.tgz",
      "integrity": "sha512-Ntyt4AIXyaLIuMHF6IOoTakB3K+RWxwtsHNRxllEoA6vPwP9o4866g6YWDLUdnucilZhmkxiHwHr11gAENw+QA=="
    },
    "node_modules/node-gyp-build": {
      "version": "4.6.0",
      "resolved": "https://registry.npmjs.org/node-gyp-build/-/node-gyp-build-4.6.0.tgz",
      "integrity": "sha512-NTZVKn9IylLwUzaKjkas1e4u2DLNcV4rdYagA4PWdPwW87Bi7z+BznyKSRwS/761tV/lzCGXplWsiaMjLqP2zQ==",
      "bin": {
        "node-gyp-build": "bin.js",
        "node-gyp-build-optional": "optional.js",
        "node-gyp-build-test": "build-test.js"
      }
    },
    "node_modules/once": {
      "version": "1.4.0",
      "resolved": "https://registry.npmjs.org/once/-/once-1.4.0.tgz",
      "integrity": "sha512-lNaJgI+2Q5URQBkccEKHTQOPaXdUxnZZElQTZY0MFUAuaEqe1E+Nyvgdz/aIyNi6Z9MzO5dv1H8n58/GELp3+w==",
      "dependencies": {
        "wrappy": "1"
      }
    },
    "node_modules/pump": {
      "version": "3.0.0",
      "resolved": "https://registry.npmjs.org/pump/-/pump-3.0.0.tgz",
      "integrity": "sha512-LwZy+p3SFs1Pytd/jYct4wpv49HiYCqd9Rlc5ZVdk0V+8Yzv6jR5Blk3TRmPL1ft69TxP0IMZGJ+WPFU2BFhww==",
      "dependencies": {
        "end-of-stream": "^1.1.0",
        "once": "^1.3.1"
      }
    },
    "node_modules/randombytes": {
      "version": "2.1.0",
      "resolved": "https://registry.npmjs.org/randombytes/-/randombytes-2.1.0.tgz",
      "integrity": "sha512-vYl3iOX+4CKUWuxGi9Ukhie6fsqXqS9FE2Zaic4tNFD2N2QQaXOMFbuKK4QmDHC0JO6B1Zp41J0LpT0oR68amQ==",
      "dependencies": {
        "safe-buffer": "^5.1.0"
      }
    },
    "node_modules/readable-stream": {
      "version": "3.6.1",
      "resolved": "https://registry.npmjs.org/readable-stream/-/readable-stream-3.6.1.tgz",
      "integrity": "sha512-+rQmrWMYGA90yenhTYsLWAsLsqVC8osOw6PKE1HDYiO0gdPeKe/xDHNzIAIn4C91YQ6oenEhfYqqc1883qHbjQ==",
      "dependencies": {
        "inherits": "^2.0.3",
        "string_decoder": "^1.1.1",
        "util-deprecate": "^1.0.1"
      },
      "engines": {
        "node": ">= 6"
      }
    },
    "node_modules/regenerator-runtime": {
      "version": "0.13.11",
      "resolved": "https://registry.npmjs.org/regenerator-runtime/-/regenerator-runtime-0.13.11.tgz",
      "integrity": "sha512-kY1AZVr2Ra+t+piVaJ4gxaFaReZVH40AKNo7UCX6W+dEwBo/2oZJzqfuN1qLq1oL45o56cPaTXELwrTh8Fpggg==",
      "peer": true
    },
    "node_modules/ripemd160": {
      "version": "2.0.2",
      "resolved": "https://registry.npmjs.org/ripemd160/-/ripemd160-2.0.2.tgz",
      "integrity": "sha512-ii4iagi25WusVoiC4B4lq7pbXfAp3D9v5CwfkY33vffw2+pkDjY1D8GaN7spsxvCSx8dkPqOZCEZyfxcmJG2IA==",
      "optional": true,
      "dependencies": {
        "hash-base": "^3.0.0",
        "inherits": "^2.0.1"
      }
    },
    "node_modules/safe-buffer": {
      "version": "5.2.1",
      "resolved": "https://registry.npmjs.org/safe-buffer/-/safe-buffer-5.2.1.tgz",
      "integrity": "sha512-rp3So07KcdmmKbGvgaNxQSJr7bGVSVk5S9Eq1F+ppbRo70+YeaDxkw5Dd8NPN+GD6bjnYm2VuPuCXmpuYvmCXQ==",
      "funding": [
        {
          "type": "github",
          "url": "https://github.com/sponsors/feross"
        },
        {
          "type": "patreon",
          "url": "https://www.patreon.com/feross"
        },
        {
          "type": "consulting",
          "url": "https://feross.org/support"
        }
      ]
    },
    "node_modules/secp256k1": {
      "version": "3.8.0",
      "resolved": "https://registry.npmjs.org/secp256k1/-/secp256k1-3.8.0.tgz",
      "integrity": "sha512-k5ke5avRZbtl9Tqx/SA7CbY3NF6Ro+Sj9cZxezFzuBlLDmyqPiL8hJJ+EmzD8Ig4LUDByHJ3/iPOVoRixs/hmw==",
      "hasInstallScript": true,
      "optional": true,
      "dependencies": {
        "bindings": "^1.5.0",
        "bip66": "^1.1.5",
        "bn.js": "^4.11.8",
        "create-hash": "^1.2.0",
        "drbg.js": "^1.0.1",
        "elliptic": "^6.5.2",
        "nan": "^2.14.0",
        "safe-buffer": "^5.1.2"
      },
      "engines": {
        "node": ">=4.0.0"
      }
    },
    "node_modules/sha.js": {
      "version": "2.4.11",
      "resolved": "https://registry.npmjs.org/sha.js/-/sha.js-2.4.11.tgz",
      "integrity": "sha512-QMEp5B7cftE7APOjk5Y6xgrbWu+WkLVQwk8JNjZ8nKRciZaByEW6MubieAiToS7+dwvrjGhH8jRXz3MVd0AYqQ==",
      "optional": true,
      "dependencies": {
        "inherits": "^2.0.1",
        "safe-buffer": "^5.0.1"
      },
      "bin": {
        "sha.js": "bin.js"
      }
    },
    "node_modules/string_decoder": {
      "version": "1.3.0",
      "resolved": "https://registry.npmjs.org/string_decoder/-/string_decoder-1.3.0.tgz",
      "integrity": "sha512-hkRX8U1WjJFd8LsDJ2yQ/wWWxaopEsABU1XfkM8A+j0+85JAGppt16cr1Whg6KIbb4okU6Mql6BOj+uup/wKeA==",
      "dependencies": {
        "safe-buffer": "~5.2.0"
      }
    },
    "node_modules/ts-custom-error": {
      "version": "3.3.1",
      "resolved": "https://registry.npmjs.org/ts-custom-error/-/ts-custom-error-3.3.1.tgz",
      "integrity": "sha512-5OX1tzOjxWEgsr/YEUWSuPrQ00deKLh6D7OTWcvNHm12/7QPyRh8SYpyWvA4IZv8H/+GQWQEh/kwo95Q9OVW1A==",
      "engines": {
        "node": ">=14.0.0"
      }
    },
    "node_modules/util-deprecate": {
      "version": "1.0.2",
      "resolved": "https://registry.npmjs.org/util-deprecate/-/util-deprecate-1.0.2.tgz",
      "integrity": "sha512-EPD5q1uXyFxJpCrLnCc1nHnq3gOa6DZBocAIiI2TaSCA7VCJ1UJDMagCzIkXNsUYfD1daK//LTEQ8xiIbrHtcw=="
    },
    "node_modules/wrappy": {
      "version": "1.0.2",
      "resolved": "https://registry.npmjs.org/wrappy/-/wrappy-1.0.2.tgz",
      "integrity": "sha512-l4Sp/DRseor9wL6EvV2+TuQn63dMkPjZ/sp9XkghTEbV9KlPS1xUsZ3u7/IQO4wxtcFB4bgpQPRcR3QCvezPcQ=="
    }
  },
  "dependencies": {
    "@babel/runtime": {
      "version": "7.21.0",
      "resolved": "https://registry.npmjs.org/@babel/runtime/-/runtime-7.21.0.tgz",
      "integrity": "sha512-xwII0//EObnq89Ji5AKYQaRYiW/nZ3llSv29d49IuxPhKbtJoLP+9QUUZ4nVragQVtaVGeZrpB+ZtG/Pdy/POw==",
      "peer": true,
      "requires": {
        "regenerator-runtime": "^0.13.11"
      }
    },
    "@toruslabs/eccrypto": {
      "version": "1.1.8",
      "resolved": "https://registry.npmjs.org/@toruslabs/eccrypto/-/eccrypto-1.1.8.tgz",
      "integrity": "sha512-5dIrO2KVqvnAPOPfJ2m6bnjp9vav9GIcCZXiXRW/bJuIDRLVxJhVvRlleF4oaEZPq5yX5piHq5jVHagNNS0jOQ==",
      "requires": {
        "acorn": "^8.4.1",
        "elliptic": "^6.5.4",
        "es6-promise": "^4.2.8",
        "nan": "^2.14.2",
        "secp256k1": "^3.8.0"
      }
    },
    "@toruslabs/http-helpers": {
      "version": "3.2.0",
      "resolved": "https://registry.npmjs.org/@toruslabs/http-helpers/-/http-helpers-3.2.0.tgz",
      "integrity": "sha512-fCfvBHfYzd7AyOYlBo7wihh5nj6+4Ik6V5+nI7H63oiKICjMlByTXSauTUa/qm2mjZJn/OmVYeV5guPIgxoW1w==",
      "requires": {
        "lodash.merge": "^4.6.2",
        "loglevel": "^1.8.0"
      }
    },
    "@toruslabs/openlogin": {
      "version": "3.1.0",
      "resolved": "https://registry.npmjs.org/@toruslabs/openlogin/-/openlogin-3.1.0.tgz",
      "integrity": "sha512-9IQRxiITd07I5P7mU23qSTD4C5mQUtE+hjkh2Piku8Y+2PnvIXCSWOaRkEwxEHoBs6i27t6v2qix+v8NYS2mlA==",
      "requires": {
        "@toruslabs/eccrypto": "^1.1.8",
        "@toruslabs/http-helpers": "^3.2.0",
        "@toruslabs/openlogin-jrpc": "^3.0.0",
        "@toruslabs/openlogin-utils": "^3.0.0",
        "loglevel": "^1.8.1",
        "pump": "^3.0.0"
      }
    },
    "@toruslabs/openlogin-jrpc": {
      "version": "3.0.0",
      "resolved": "https://registry.npmjs.org/@toruslabs/openlogin-jrpc/-/openlogin-jrpc-3.0.0.tgz",
      "integrity": "sha512-EbrPxx9JJDzTGPRGhpnoqngrwVRgNxwY86f6Vp4hCJnZNn/IgNz39KGROEi8SDNWADYuT29d8gyZ5Y0o79TOMA==",
      "requires": {
        "@toruslabs/openlogin-utils": "^3.0.0",
        "end-of-stream": "^1.4.4",
        "eth-rpc-errors": "^4.0.3",
        "events": "^3.3.0",
        "fast-safe-stringify": "^2.1.1",
        "once": "^1.4.0",
        "pump": "^3.0.0",
        "readable-stream": "^3.6.0"
      }
    },
    "@toruslabs/openlogin-utils": {
      "version": "3.0.0",
      "resolved": "https://registry.npmjs.org/@toruslabs/openlogin-utils/-/openlogin-utils-3.0.0.tgz",
      "integrity": "sha512-T5t29/AIFqXc84x4OoAkZWjd0uoP2Lk6iaFndnIIMzCPu+BwwV0spX/jd/3YYNjZ8Po8D+faEnwAhiqemYeK2w==",
      "requires": {
        "base64url": "^3.0.1",
        "keccak": "^3.0.3",
        "randombytes": "^2.1.0"
      }
    },
    "@web3auth/base": {
      "version": "4.6.0",
      "resolved": "https://registry.npmjs.org/@web3auth/base/-/base-4.6.0.tgz",
      "integrity": "sha512-jy/9iLpK5DS9b49VISAQLD6iRj5FFj957UVjbn0SR41DOQ8Jw1hJgS/l3Y8BVEw8mIErT71ux3J7JRu5VsK5vg==",
      "requires": {
        "@toruslabs/http-helpers": "^3.2.0",
        "@toruslabs/openlogin": "^3.1.0",
        "@toruslabs/openlogin-jrpc": "^3.0.0",
        "jwt-decode": "^3.1.2",
        "loglevel": "^1.8.1",
        "ts-custom-error": "^3.3.1"
      }
    },
    "@web3auth/base-plugin": {
      "version": "4.6.0",
      "resolved": "https://registry.npmjs.org/@web3auth/base-plugin/-/base-plugin-4.6.0.tgz",
      "integrity": "sha512-L0APrd8T1TTPXLEylnFfOnPWOIHcs7rcmo8ZjjhfIFC/Dms4GYoPaOfmfsvG52juxHsHODFbBld7eJPhIuOfAA==",
      "requires": {
        "@web3auth/base": "^4.6.0"
      }
    },
    "@web3auth/core": {
      "version": "4.6.0",
      "resolved": "https://registry.npmjs.org/@web3auth/core/-/core-4.6.0.tgz",
      "integrity": "sha512-RkPcG6OyrVnRp2fzIjF6pqMxfVW7f7ZR7bpw6jJsM2i4zq6Pze2Gf3d3R9OreWQGrdJbx4ODbOHGczre/4L5iQ==",
      "requires": {
        "@toruslabs/openlogin": "^3.1.0",
        "@toruslabs/openlogin-jrpc": "^3.0.0",
        "@web3auth/base": "^4.6.0",
        "@web3auth/base-plugin": "^4.6.0"
      }
    },
    "acorn": {
      "version": "8.8.2",
      "resolved": "https://registry.npmjs.org/acorn/-/acorn-8.8.2.tgz",
      "integrity": "sha512-xjIYgE8HBrkpd/sJqOGNspf8uHG+NOHGOw6a/Urj8taM2EXfdNAH2oFcPeIFfsv3+kz/mJrS5VuMqbNLjCa2vw=="
    },
    "base64url": {
      "version": "3.0.1",
      "resolved": "https://registry.npmjs.org/base64url/-/base64url-3.0.1.tgz",
      "integrity": "sha512-ir1UPr3dkwexU7FdV8qBBbNDRUhMmIekYMFZfi+C/sLNnRESKPl23nB9b2pltqfOQNnGzsDdId90AEtG5tCx4A=="
    },
    "bindings": {
      "version": "1.5.0",
      "resolved": "https://registry.npmjs.org/bindings/-/bindings-1.5.0.tgz",
      "integrity": "sha512-p2q/t/mhvuOj/UeLlV6566GD/guowlr0hHxClI0W9m7MWYkL1F0hLo+0Aexs9HSPCtR1SXQ0TD3MMKrXZajbiQ==",
      "optional": true,
      "requires": {
        "file-uri-to-path": "1.0.0"
      }
    },
    "bip66": {
      "version": "1.1.5",
      "resolved": "https://registry.npmjs.org/bip66/-/bip66-1.1.5.tgz",
      "integrity": "sha512-nemMHz95EmS38a26XbbdxIYj5csHd3RMP3H5bwQknX0WYHF01qhpufP42mLOwVICuH2JmhIhXiWs89MfUGL7Xw==",
      "optional": true,
      "requires": {
        "safe-buffer": "^5.0.1"
      }
    },
    "bn.js": {
      "version": "4.12.0",
      "resolved": "https://registry.npmjs.org/bn.js/-/bn.js-4.12.0.tgz",
      "integrity": "sha512-c98Bf3tPniI+scsdk237ku1Dc3ujXQTSgyiPUDEOe7tRkhrqridvh8klBv0HCEso1OLOYcHuCv/cS6DNxKH+ZA=="
    },
    "brorand": {
      "version": "1.1.0",
      "resolved": "https://registry.npmjs.org/brorand/-/brorand-1.1.0.tgz",
      "integrity": "sha512-cKV8tMCEpQs4hK/ik71d6LrPOnpkpGBR0wzxqr68g2m/LB2GxVYQroAjMJZRVM1Y4BCjCKc3vAamxSzOY2RP+w=="
    },
    "browserify-aes": {
      "version": "1.2.0",
      "resolved": "https://registry.npmjs.org/browserify-aes/-/browserify-aes-1.2.0.tgz",
      "integrity": "sha512-+7CHXqGuspUn/Sl5aO7Ea0xWGAtETPXNSAjHo48JfLdPWcMng33Xe4znFvQweqc/uzk5zSOI3H52CYnjCfb5hA==",
      "optional": true,
      "requires": {
        "buffer-xor": "^1.0.3",
        "cipher-base": "^1.0.0",
        "create-hash": "^1.1.0",
        "evp_bytestokey": "^1.0.3",
        "inherits": "^2.0.1",
        "safe-buffer": "^5.0.1"
      }
    },
    "buffer-xor": {
      "version": "1.0.3",
      "resolved": "https://registry.npmjs.org/buffer-xor/-/buffer-xor-1.0.3.tgz",
      "integrity": "sha512-571s0T7nZWK6vB67HI5dyUF7wXiNcfaPPPTl6zYCNApANjIvYJTg7hlud/+cJpdAhS7dVzqMLmfhfHR3rAcOjQ==",
      "optional": true
    },
    "cipher-base": {
      "version": "1.0.4",
      "resolved": "https://registry.npmjs.org/cipher-base/-/cipher-base-1.0.4.tgz",
      "integrity": "sha512-Kkht5ye6ZGmwv40uUDZztayT2ThLQGfnj/T71N/XzeZeo3nf8foyW7zGTsPYkEya3m5f3cAypH+qe7YOrM1U2Q==",
      "optional": true,
      "requires": {
        "inherits": "^2.0.1",
        "safe-buffer": "^5.0.1"
      }
    },
    "create-hash": {
      "version": "1.2.0",
      "resolved": "https://registry.npmjs.org/create-hash/-/create-hash-1.2.0.tgz",
      "integrity": "sha512-z00bCGNHDG8mHAkP7CtT1qVu+bFQUPjYq/4Iv3C3kWjTFV10zIjfSoeqXo9Asws8gwSHDGj/hl2u4OGIjapeCg==",
      "optional": true,
      "requires": {
        "cipher-base": "^1.0.1",
        "inherits": "^2.0.1",
        "md5.js": "^1.3.4",
        "ripemd160": "^2.0.1",
        "sha.js": "^2.4.0"
      }
    },
    "create-hmac": {
      "version": "1.1.7",
      "resolved": "https://registry.npmjs.org/create-hmac/-/create-hmac-1.1.7.tgz",
      "integrity": "sha512-MJG9liiZ+ogc4TzUwuvbER1JRdgvUFSB5+VR/g5h82fGaIRWMWddtKBHi7/sVhfjQZ6SehlyhvQYrcYkaUIpLg==",
      "optional": true,
      "requires": {
        "cipher-base": "^1.0.3",
        "create-hash": "^1.1.0",
        "inherits": "^2.0.1",
        "ripemd160": "^2.0.0",
        "safe-buffer": "^5.0.1",
        "sha.js": "^2.4.8"
      }
    },
    "drbg.js": {
      "version": "1.0.1",
      "resolved": "https://registry.npmjs.org/drbg.js/-/drbg.js-1.0.1.tgz",
      "integrity": "sha512-F4wZ06PvqxYLFEZKkFxTDcns9oFNk34hvmJSEwdzsxVQ8YI5YaxtACgQatkYgv2VI2CFkUd2Y+xosPQnHv809g==",
      "optional": true,
      "requires": {
        "browserify-aes": "^1.0.6",
        "create-hash": "^1.1.2",
        "create-hmac": "^1.1.4"
      }
    },
    "elliptic": {
      "version": "6.5.4",
      "resolved": "https://registry.npmjs.org/elliptic/-/elliptic-6.5.4.tgz",
      "integrity": "sha512-iLhC6ULemrljPZb+QutR5TQGB+pdW6KGD5RSegS+8sorOZT+rdQFbsQFJgvN3eRqNALqJer4oQ16YvJHlU8hzQ==",
      "requires": {
        "bn.js": "^4.11.9",
        "brorand": "^1.1.0",
        "hash.js": "^1.0.0",
        "hmac-drbg": "^1.0.1",
        "inherits": "^2.0.4",
        "minimalistic-assert": "^1.0.1",
        "minimalistic-crypto-utils": "^1.0.1"
      }
    },
    "end-of-stream": {
      "version": "1.4.4",
      "resolved": "https://registry.npmjs.org/end-of-stream/-/end-of-stream-1.4.4.tgz",
      "integrity": "sha512-+uw1inIHVPQoaVuHzRyXd21icM+cnt4CzD5rW+NC1wjOUSTOs+Te7FOv7AhN7vS9x/oIyhLP5PR1H+phQAHu5Q==",
      "requires": {
        "once": "^1.4.0"
      }
    },
    "es6-promise": {
      "version": "4.2.8",
      "resolved": "https://registry.npmjs.org/es6-promise/-/es6-promise-4.2.8.tgz",
      "integrity": "sha512-HJDGx5daxeIvxdBxvG2cb9g4tEvwIk3i8+nhX0yGrYmZUzbkdg8QbDevheDB8gd0//uPj4c1EQua8Q+MViT0/w=="
    },
    "eth-rpc-errors": {
      "version": "4.0.3",
      "resolved": "https://registry.npmjs.org/eth-rpc-errors/-/eth-rpc-errors-4.0.3.tgz",
      "integrity": "sha512-Z3ymjopaoft7JDoxZcEb3pwdGh7yiYMhOwm2doUt6ASXlMavpNlK6Cre0+IMl2VSGyEU9rkiperQhp5iRxn5Pg==",
      "requires": {
        "fast-safe-stringify": "^2.0.6"
      }
    },
    "events": {
      "version": "3.3.0",
      "resolved": "https://registry.npmjs.org/events/-/events-3.3.0.tgz",
      "integrity": "sha512-mQw+2fkQbALzQ7V0MY0IqdnXNOeTtP4r0lN9z7AAawCXgqea7bDii20AYrIBrFd/Hx0M2Ocz6S111CaFkUcb0Q=="
    },
    "evp_bytestokey": {
      "version": "1.0.3",
      "resolved": "https://registry.npmjs.org/evp_bytestokey/-/evp_bytestokey-1.0.3.tgz",
      "integrity": "sha512-/f2Go4TognH/KvCISP7OUsHn85hT9nUkxxA9BEWxFn+Oj9o8ZNLm/40hdlgSLyuOimsrTKLUMEorQexp/aPQeA==",
      "optional": true,
      "requires": {
        "md5.js": "^1.3.4",
        "safe-buffer": "^5.1.1"
      }
    },
    "fast-safe-stringify": {
      "version": "2.1.1",
      "resolved": "https://registry.npmjs.org/fast-safe-stringify/-/fast-safe-stringify-2.1.1.tgz",
      "integrity": "sha512-W+KJc2dmILlPplD/H4K9l9LcAHAfPtP6BY84uVLXQ6Evcz9Lcg33Y2z1IVblT6xdY54PXYVHEv+0Wpq8Io6zkA=="
    },
    "file-uri-to-path": {
      "version": "1.0.0",
      "resolved": "https://registry.npmjs.org/file-uri-to-path/-/file-uri-to-path-1.0.0.tgz",
      "integrity": "sha512-0Zt+s3L7Vf1biwWZ29aARiVYLx7iMGnEUl9x33fbB/j3jR81u/O2LbqK+Bm1CDSNDKVtJ/YjwY7TUd5SkeLQLw==",
      "optional": true
    },
    "hash-base": {
      "version": "3.1.0",
      "resolved": "https://registry.npmjs.org/hash-base/-/hash-base-3.1.0.tgz",
      "integrity": "sha512-1nmYp/rhMDiE7AYkDw+lLwlAzz0AntGIe51F3RfFfEqyQ3feY2eI/NcwC6umIQVOASPMsWJLJScWKSSvzL9IVA==",
      "optional": true,
      "requires": {
        "inherits": "^2.0.4",
        "readable-stream": "^3.6.0",
        "safe-buffer": "^5.2.0"
      }
    },
    "hash.js": {
      "version": "1.1.7",
      "resolved": "https://registry.npmjs.org/hash.js/-/hash.js-1.1.7.tgz",
      "integrity": "sha512-taOaskGt4z4SOANNseOviYDvjEJinIkRgmp7LbKP2YTTmVxWBl87s/uzK9r+44BclBSp2X7K1hqeNfz9JbBeXA==",
      "requires": {
        "inherits": "^2.0.3",
        "minimalistic-assert": "^1.0.1"
      }
    },
    "hmac-drbg": {
      "version": "1.0.1",
      "resolved": "https://registry.npmjs.org/hmac-drbg/-/hmac-drbg-1.0.1.tgz",
      "integrity": "sha512-Tti3gMqLdZfhOQY1Mzf/AanLiqh1WTiJgEj26ZuYQ9fbkLomzGchCws4FyrSd4VkpBfiNhaE1On+lOz894jvXg==",
      "requires": {
        "hash.js": "^1.0.3",
        "minimalistic-assert": "^1.0.0",
        "minimalistic-crypto-utils": "^1.0.1"
      }
    },
    "inherits": {
      "version": "2.0.4",
      "resolved": "https://registry.npmjs.org/inherits/-/inherits-2.0.4.tgz",
      "integrity": "sha512-k/vGaX4/Yla3WzyMCvTQOXYeIHvqOKtnqBduzTHpzpQZzAskKMhZ2K+EnBiSM9zGSoIFeMpXKxa4dYeZIQqewQ=="
    },
    "jwt-decode": {
      "version": "3.1.2",
      "resolved": "https://registry.npmjs.org/jwt-decode/-/jwt-decode-3.1.2.tgz",
      "integrity": "sha512-UfpWE/VZn0iP50d8cz9NrZLM9lSWhcJ+0Gt/nm4by88UL+J1SiKN8/5dkjMmbEzwL2CAe+67GsegCbIKtbp75A=="
    },
    "keccak": {
      "version": "3.0.3",
      "resolved": "https://registry.npmjs.org/keccak/-/keccak-3.0.3.tgz",
      "integrity": "sha512-JZrLIAJWuZxKbCilMpNz5Vj7Vtb4scDG3dMXLOsbzBmQGyjwE61BbW7bJkfKKCShXiQZt3T6sBgALRtmd+nZaQ==",
      "requires": {
        "node-addon-api": "^2.0.0",
        "node-gyp-build": "^4.2.0",
        "readable-stream": "^3.6.0"
      }
    },
    "lodash.merge": {
      "version": "4.6.2",
      "resolved": "https://registry.npmjs.org/lodash.merge/-/lodash.merge-4.6.2.tgz",
      "integrity": "sha512-0KpjqXRVvrYyCsX1swR/XTK0va6VQkQM6MNo7PqW77ByjAhoARA8EfrP1N4+KlKj8YS0ZUCtRT/YUuhyYDujIQ=="
    },
    "loglevel": {
      "version": "1.8.1",
      "resolved": "https://registry.npmjs.org/loglevel/-/loglevel-1.8.1.tgz",
      "integrity": "sha512-tCRIJM51SHjAayKwC+QAg8hT8vg6z7GSgLJKGvzuPb1Wc+hLzqtuVLxp6/HzSPOozuK+8ErAhy7U/sVzw8Dgfg=="
    },
    "md5.js": {
      "version": "1.3.5",
      "resolved": "https://registry.npmjs.org/md5.js/-/md5.js-1.3.5.tgz",
      "integrity": "sha512-xitP+WxNPcTTOgnTJcrhM0xvdPepipPSf3I8EIpGKeFLjt3PlJLIDG3u8EX53ZIubkb+5U2+3rELYpEhHhzdkg==",
      "optional": true,
      "requires": {
        "hash-base": "^3.0.0",
        "inherits": "^2.0.1",
        "safe-buffer": "^5.1.2"
      }
    },
    "minimalistic-assert": {
      "version": "1.0.1",
      "resolved": "https://registry.npmjs.org/minimalistic-assert/-/minimalistic-assert-1.0.1.tgz",
      "integrity": "sha512-UtJcAD4yEaGtjPezWuO9wC4nwUnVH/8/Im3yEHQP4b67cXlD/Qr9hdITCU1xDbSEXg2XKNaP8jsReV7vQd00/A=="
    },
    "minimalistic-crypto-utils": {
      "version": "1.0.1",
      "resolved": "https://registry.npmjs.org/minimalistic-crypto-utils/-/minimalistic-crypto-utils-1.0.1.tgz",
      "integrity": "sha512-JIYlbt6g8i5jKfJ3xz7rF0LXmv2TkDxBLUkiBeZ7bAx4GnnNMr8xFpGnOxn6GhTEHx3SjRrZEoU+j04prX1ktg=="
    },
    "nan": {
      "version": "2.17.0",
      "resolved": "https://registry.npmjs.org/nan/-/nan-2.17.0.tgz",
      "integrity": "sha512-2ZTgtl0nJsO0KQCjEpxcIr5D+Yv90plTitZt9JBfQvVJDS5seMl3FOvsh3+9CoYWXf/1l5OaZzzF6nDm4cagaQ=="
    },
    "node-addon-api": {
      "version": "2.0.2",
      "resolved": "https://registry.npmjs.org/node-addon-api/-/node-addon-api-2.0.2.tgz",
      "integrity": "sha512-Ntyt4AIXyaLIuMHF6IOoTakB3K+RWxwtsHNRxllEoA6vPwP9o4866g6YWDLUdnucilZhmkxiHwHr11gAENw+QA=="
    },
    "node-gyp-build": {
      "version": "4.6.0",
      "resolved": "https://registry.npmjs.org/node-gyp-build/-/node-gyp-build-4.6.0.tgz",
      "integrity": "sha512-NTZVKn9IylLwUzaKjkas1e4u2DLNcV4rdYagA4PWdPwW87Bi7z+BznyKSRwS/761tV/lzCGXplWsiaMjLqP2zQ=="
    },
    "once": {
      "version": "1.4.0",
      "resolved": "https://registry.npmjs.org/once/-/once-1.4.0.tgz",
      "integrity": "sha512-lNaJgI+2Q5URQBkccEKHTQOPaXdUxnZZElQTZY0MFUAuaEqe1E+Nyvgdz/aIyNi6Z9MzO5dv1H8n58/GELp3+w==",
      "requires": {
        "wrappy": "1"
      }
    },
    "pump": {
      "version": "3.0.0",
      "resolved": "https://registry.npmjs.org/pump/-/pump-3.0.0.tgz",
      "integrity": "sha512-LwZy+p3SFs1Pytd/jYct4wpv49HiYCqd9Rlc5ZVdk0V+8Yzv6jR5Blk3TRmPL1ft69TxP0IMZGJ+WPFU2BFhww==",
      "requires": {
        "end-of-stream": "^1.1.0",
        "once": "^1.3.1"
      }
    },
    "randombytes": {
      "version": "2.1.0",
      "resolved": "https://registry.npmjs.org/randombytes/-/randombytes-2.1.0.tgz",
      "integrity": "sha512-vYl3iOX+4CKUWuxGi9Ukhie6fsqXqS9FE2Zaic4tNFD2N2QQaXOMFbuKK4QmDHC0JO6B1Zp41J0LpT0oR68amQ==",
      "requires": {
        "safe-buffer": "^5.1.0"
      }
    },
    "readable-stream": {
      "version": "3.6.1",
      "resolved": "https://registry.npmjs.org/readable-stream/-/readable-stream-3.6.1.tgz",
      "integrity": "sha512-+rQmrWMYGA90yenhTYsLWAsLsqVC8osOw6PKE1HDYiO0gdPeKe/xDHNzIAIn4C91YQ6oenEhfYqqc1883qHbjQ==",
      "requires": {
        "inherits": "^2.0.3",
        "string_decoder": "^1.1.1",
        "util-deprecate": "^1.0.1"
      }
    },
    "regenerator-runtime": {
      "version": "0.13.11",
      "resolved": "https://registry.npmjs.org/regenerator-runtime/-/regenerator-runtime-0.13.11.tgz",
      "integrity": "sha512-kY1AZVr2Ra+t+piVaJ4gxaFaReZVH40AKNo7UCX6W+dEwBo/2oZJzqfuN1qLq1oL45o56cPaTXELwrTh8Fpggg==",
      "peer": true
    },
    "ripemd160": {
      "version": "2.0.2",
      "resolved": "https://registry.npmjs.org/ripemd160/-/ripemd160-2.0.2.tgz",
      "integrity": "sha512-ii4iagi25WusVoiC4B4lq7pbXfAp3D9v5CwfkY33vffw2+pkDjY1D8GaN7spsxvCSx8dkPqOZCEZyfxcmJG2IA==",
      "optional": true,
      "requires": {
        "hash-base": "^3.0.0",
        "inherits": "^2.0.1"
      }
    },
    "safe-buffer": {
      "version": "5.2.1",
      "resolved": "https://registry.npmjs.org/safe-buffer/-/safe-buffer-5.2.1.tgz",
      "integrity": "sha512-rp3So07KcdmmKbGvgaNxQSJr7bGVSVk5S9Eq1F+ppbRo70+YeaDxkw5Dd8NPN+GD6bjnYm2VuPuCXmpuYvmCXQ=="
    },
    "secp256k1": {
      "version": "3.8.0",
      "resolved": "https://registry.npmjs.org/secp256k1/-/secp256k1-3.8.0.tgz",
      "integrity": "sha512-k5ke5avRZbtl9Tqx/SA7CbY3NF6Ro+Sj9cZxezFzuBlLDmyqPiL8hJJ+EmzD8Ig4LUDByHJ3/iPOVoRixs/hmw==",
      "optional": true,
      "requires": {
        "bindings": "^1.5.0",
        "bip66": "^1.1.5",
        "bn.js": "^4.11.8",
        "create-hash": "^1.2.0",
        "drbg.js": "^1.0.1",
        "elliptic": "^6.5.2",
        "nan": "^2.14.0",
        "safe-buffer": "^5.1.2"
      }
    },
    "sha.js": {
      "version": "2.4.11",
      "resolved": "https://registry.npmjs.org/sha.js/-/sha.js-2.4.11.tgz",
      "integrity": "sha512-QMEp5B7cftE7APOjk5Y6xgrbWu+WkLVQwk8JNjZ8nKRciZaByEW6MubieAiToS7+dwvrjGhH8jRXz3MVd0AYqQ==",
      "optional": true,
      "requires": {
        "inherits": "^2.0.1",
        "safe-buffer": "^5.0.1"
      }
    },
    "string_decoder": {
      "version": "1.3.0",
      "resolved": "https://registry.npmjs.org/string_decoder/-/string_decoder-1.3.0.tgz",
      "integrity": "sha512-hkRX8U1WjJFd8LsDJ2yQ/wWWxaopEsABU1XfkM8A+j0+85JAGppt16cr1Whg6KIbb4okU6Mql6BOj+uup/wKeA==",
      "requires": {
        "safe-buffer": "~5.2.0"
      }
    },
    "ts-custom-error": {
      "version": "3.3.1",
      "resolved": "https://registry.npmjs.org/ts-custom-error/-/ts-custom-error-3.3.1.tgz",
      "integrity": "sha512-5OX1tzOjxWEgsr/YEUWSuPrQ00deKLh6D7OTWcvNHm12/7QPyRh8SYpyWvA4IZv8H/+GQWQEh/kwo95Q9OVW1A=="
    },
    "util-deprecate": {
      "version": "1.0.2",
      "resolved": "https://registry.npmjs.org/util-deprecate/-/util-deprecate-1.0.2.tgz",
      "integrity": "sha512-EPD5q1uXyFxJpCrLnCc1nHnq3gOa6DZBocAIiI2TaSCA7VCJ1UJDMagCzIkXNsUYfD1daK//LTEQ8xiIbrHtcw=="
    },
    "wrappy": {
      "version": "1.0.2",
      "resolved": "https://registry.npmjs.org/wrappy/-/wrappy-1.0.2.tgz",
      "integrity": "sha512-l4Sp/DRseor9wL6EvV2+TuQn63dMkPjZ/sp9XkghTEbV9KlPS1xUsZ3u7/IQO4wxtcFB4bgpQPRcR3QCvezPcQ=="
    }
  }
}
